("quicklisp" .
 (:class qlot/source/dist:source-dist
  :initargs (:distribution "https://beta.quicklisp.org/dist/quicklisp.txt" :%version :latest)
  :version "2026-01-01"))
("idsmall" .
 (:class qlot/source/git:source-git
  :initargs (:remote-url "https://github.com/luciusmagn/idsmall.git" :ref "3f4b8e067a1e41b5388f7c5af58585e8c9ab51b9")
  :version "git-3f4b8e067a1e41b5388f7c5af58585e8c9ab51b9"))
("ironclad" .
 (:class qlot/source/ql:source-ql
  :initargs (:%version "2026-01-01")
  :version "ql-2024-10-12"))
("bordeaux-threads" .
 (:class qlot/source/ql:source-ql
  :initargs (:%version "2026-01-01")
  :version "ql-2024-10-12"))
("serapeum" .
 (:class qlot/source/ql:source-ql
  :initargs (:%version "2026-01-01")
  :version "ql-2026-01-01"))
("sexp-store" .
 (:class qlot/source/git:source-git
  :initargs (:remote-url "https://github.com/lambda-symbolics/sexp-store.git" :ref "778ce8021071bb8ba4066eff9eb822499b8a48ec")
  :version "git-778ce8021071bb8ba4066eff9eb822499b8a48ec"))
("ls-flock" .
 (:class qlot/source/git:source-git
  :initargs (:remote-url "https://github.com/lambda-symbolics/ls-flock.git" :ref "0e3e0ada0f5b693cb3f32f46aefbb8dbebcc20f2")
  :version "git-0e3e0ada0f5b693cb3f32f46aefbb8dbebcc20f2"))
("structlisp" .
 (:class qlot/source/git:source-git
  :initargs (:remote-url "https://github.com/lambda-symbolics/structlisp.git" :ref "66bbfbe947b69f3105f71f5e4293637decc91746")
  :version "git-66bbfbe947b69f3105f71f5e4293637decc91746"))
("ls-compat" .
 (:class qlot/source/git:source-git
  :initargs (:remote-url "https://github.com/lambda-symbolics/ls-compat.git" :ref "24fbc85ec31f3a8f8d2d165a2997e18a21427738")
  :version "git-24fbc85ec31f3a8f8d2d165a2997e18a21427738"))
